{
  "object": {
    "pins": [
      {
        "package": "BottomSheet",
        "repositoryURL": "https://github.com/weitieda/bottom-sheet",
        "state": {
          "branch": "master",
          "revision": "98e2ae0b47875faef28e181cf968b9645f7678af",
          "version": null
        }
      },
      {
        "package": "PartialSheet",
        "repositoryURL": "https://github.com/AndreaMiotto/PartialSheet",
        "state": {
          "branch": "master",
          "revision": "422d748bfb149b2af4b48e43b7b6197bd8a727c1",
          "version": null
        }
      },
      {
        "package": "TextView",
        "repositoryURL": "https://github.com/kenmueller/TextView",
        "state": {
          "branch": "master",
          "revision": "06e6939ae4da03565889928cca65647f05fd2d67",
          "version": null
        }
      }
    ]
  },
  "version": 1
}
